# Bear Lock File - tracks deployed artifact versions
# Do not edit manually

artifacts:
  user-api:
    commit: abc1234567890
    timestamp: "2026-01-03T10:00:00Z"
    version: abc1234
    target: cloudrun

  dashboard:
    commit: abc1234567890
    timestamp: "2026-01-03T10:00:00Z"
    version: abc1234
    target: s3-static
